
Microsoft Visual Studio Solution File, Format Version 12.00
# Visual Studio Version 17
VisualStudioVersion = 17.5.33530.505
MinimumVisualStudioVersion = 10.0.40219.1
Project("{FAE04EC0-301F-11D3-BF4B-00C04F79EFBC}") = "LimCalcBackend", "LimCalcBackend\LimCalcBackend.csproj", "{34D7B8EE-C53B-4094-B766-DD3CE488B71D}"
EndProject
Global
	GlobalSection(SolutionConfigurationPlatforms) = preSolution
		Debug|Any CPU = Debug|Any CPU
		Release|Any CPU = Release|Any CPU
	EndGlobalSection
	GlobalSection(ProjectConfigurationPlatforms) = postSolution
		{34D7B8EE-C53B-4094-B766-DD3CE488B71D}.Debug|Any CPU.ActiveCfg = Debug|Any CPU
		{34D7B8EE-C53B-4094-B766-DD3CE488B71D}.Debug|Any CPU.Build.0 = Debug|Any CPU
		{34D7B8EE-C53B-4094-B766-DD3CE488B71D}.Release|Any CPU.ActiveCfg = Release|Any CPU
		{34D7B8EE-C53B-4094-B766-DD3CE488B71D}.Release|Any CPU.Build.0 = Release|Any CPU
	EndGlobalSection
	GlobalSection(SolutionProperties) = preSolution
		HideSolutionNode = FALSE
	EndGlobalSection
	GlobalSection(ExtensibilityGlobals) = postSolution
		SolutionGuid = {F582D169-7C45-4BA7-9040-FC1C28151EB5}
	EndGlobalSection
EndGlobal
